
Microsoft Visual Studio Solution File, Format Version 12.00
# Visual Studio Version 17
VisualStudioVersion = 17.4.33213.308
MinimumVisualStudioVersion = 10.0.40219.1
Project("{FAE04EC0-301F-11D3-BF4B-00C04F79EFBC}") = "Dědičnost, method overriding, function overloading", "Dědičnost, method overriding, function overloading\Dědičnost, method overriding, function overloading.csproj", "{A5A5980B-3FC6-45CC-96DF-539B90CBAACD}"
EndProject
Global
	GlobalSection(SolutionConfigurationPlatforms) = preSolution
		Debug|Any CPU = Debug|Any CPU
		Release|Any CPU = Release|Any CPU
	EndGlobalSection
	GlobalSection(ProjectConfigurationPlatforms) = postSolution
		{A5A5980B-3FC6-45CC-96DF-539B90CBAACD}.Debug|Any CPU.ActiveCfg = Debug|Any CPU
		{A5A5980B-3FC6-45CC-96DF-539B90CBAACD}.Debug|Any CPU.Build.0 = Debug|Any CPU
		{A5A5980B-3FC6-45CC-96DF-539B90CBAACD}.Release|Any CPU.ActiveCfg = Release|Any CPU
		{A5A5980B-3FC6-45CC-96DF-539B90CBAACD}.Release|Any CPU.Build.0 = Release|Any CPU
	EndGlobalSection
	GlobalSection(SolutionProperties) = preSolution
		HideSolutionNode = FALSE
	EndGlobalSection
	GlobalSection(ExtensibilityGlobals) = postSolution
		SolutionGuid = {A02FB462-22C7-4910-9EF5-F1A492C37EAF}
	EndGlobalSection
EndGlobal
